
Microsoft Visual Studio Solution File, Format Version 12.00
# Visual Studio Version 16
VisualStudioVersion = 16.0.29806.167
MinimumVisualStudioVersion = 10.0.40219.1
Project("{FAE04EC0-301F-11D3-BF4B-00C04F79EFBC}") = "BloodDonationProject", "BloodDonationProject\BloodDonationProject.csproj", "{EE1BEB93-7862-4347-B741-E5B054E7DAFB}"
EndProject
Project("{FAE04EC0-301F-11D3-BF4B-00C04F79EFBC}") = "Model", "Model\Model.csproj", "{6EB503B0-AD9B-46F0-8882-6D1BFFC758FC}"
EndProject
Project("{FAE04EC0-301F-11D3-BF4B-00C04F79EFBC}") = "DataAccessLayer", "DataAccessLayer\DataAccessLayer.csproj", "{BE82129B-9763-456F-B9F5-325D8BB2B146}"
EndProject
Project("{FAE04EC0-301F-11D3-BF4B-00C04F79EFBC}") = "BusinessLayer", "BusinessLayer\BusinessLayer.csproj", "{43A85E0E-8BB3-4ABE-989C-73E6E58997FE}"
EndProject
Global
	GlobalSection(SolutionConfigurationPlatforms) = preSolution
		Debug|Any CPU = Debug|Any CPU
		Release|Any CPU = Release|Any CPU
	EndGlobalSection
	GlobalSection(ProjectConfigurationPlatforms) = postSolution
		{EE1BEB93-7862-4347-B741-E5B054E7DAFB}.Debug|Any CPU.ActiveCfg = Debug|Any CPU
		{EE1BEB93-7862-4347-B741-E5B054E7DAFB}.Debug|Any CPU.Build.0 = Debug|Any CPU
		{EE1BEB93-7862-4347-B741-E5B054E7DAFB}.Release|Any CPU.ActiveCfg = Release|Any CPU
		{EE1BEB93-7862-4347-B741-E5B054E7DAFB}.Release|Any CPU.Build.0 = Release|Any CPU
		{6EB503B0-AD9B-46F0-8882-6D1BFFC758FC}.Debug|Any CPU.ActiveCfg = Debug|Any CPU
		{6EB503B0-AD9B-46F0-8882-6D1BFFC758FC}.Debug|Any CPU.Build.0 = Debug|Any CPU
		{6EB503B0-AD9B-46F0-8882-6D1BFFC758FC}.Release|Any CPU.ActiveCfg = Release|Any CPU
		{6EB503B0-AD9B-46F0-8882-6D1BFFC758FC}.Release|Any CPU.Build.0 = Release|Any CPU
		{BE82129B-9763-456F-B9F5-325D8BB2B146}.Debug|Any CPU.ActiveCfg = Debug|Any CPU
		{BE82129B-9763-456F-B9F5-325D8BB2B146}.Debug|Any CPU.Build.0 = Debug|Any CPU
		{BE82129B-9763-456F-B9F5-325D8BB2B146}.Release|Any CPU.ActiveCfg = Release|Any CPU
		{BE82129B-9763-456F-B9F5-325D8BB2B146}.Release|Any CPU.Build.0 = Release|Any CPU
		{43A85E0E-8BB3-4ABE-989C-73E6E58997FE}.Debug|Any CPU.ActiveCfg = Debug|Any CPU
		{43A85E0E-8BB3-4ABE-989C-73E6E58997FE}.Debug|Any CPU.Build.0 = Debug|Any CPU
		{43A85E0E-8BB3-4ABE-989C-73E6E58997FE}.Release|Any CPU.ActiveCfg = Release|Any CPU
		{43A85E0E-8BB3-4ABE-989C-73E6E58997FE}.Release|Any CPU.Build.0 = Release|Any CPU
	EndGlobalSection
	GlobalSection(SolutionProperties) = preSolution
		HideSolutionNode = FALSE
	EndGlobalSection
	GlobalSection(ExtensibilityGlobals) = postSolution
		SolutionGuid = {E26DFE4C-704E-4317-8026-FC9DA06AB91B}
	EndGlobalSection
EndGlobal
